github.com/necolas/normalize.css v2.1.3+incompatible h1:tZYmptM/WDBKUqgh0rD8HSafGiK417jdyT+XJ6c+zjU=
github.com/necolas/normalize.css v2.1.3+incompatible/go.mod h1:892T+m70k5cQA34rKLasOW7c3/cEHdn86mfwm8Xlxic=
github.com/tscanlin/tocbot v4.18.2+incompatible h1:mqBx9ocaB+FZUgkSwQp80qN3LWv3/P/w36ElCooj2Pw=
github.com/tscanlin/tocbot v4.18.2+incompatible/go.mod h1:730Eai6DCYjBdg59xxxiUme9ejWbBnK3cDwV5pqXKXI=
